// !$*UTF8*$!
{
	archiveVersion = 1;
	classes = {
	};
	objectVersion = 56;
	objects = {

/* Begin PBXBuildFile section */
		566B6DE42AF20827007B34DD /* HikeApp.swift in Sources */ = {isa = PBXBuildFile; fileRef = 566B6DE32AF20827007B34DD /* HikeApp.swift */; };
		566B6DE62AF20827007B34DD /* ContentView.swift in Sources */ = {isa = PBXBuildFile; fileRef = 566B6DE52AF20827007B34DD /* ContentView.swift */; };
		566B6DE82AF20828007B34DD /* Assets.xcassets in Resources */ = {isa = PBXBuildFile; fileRef = 566B6DE72AF20828007B34DD /* Assets.xcassets */; };
		566B6DEB2AF20828007B34DD /* Preview Assets.xcassets in Resources */ = {isa = PBXBuildFile; fileRef = 566B6DEA2AF20828007B34DD /* Preview Assets.xcassets */; };
		566B6DF52AF20828007B34DD /* HikeTests.swift in Sources */ = {isa = PBXBuildFile; fileRef = 566B6DF42AF20828007B34DD /* HikeTests.swift */; };
		566B6DFF2AF20828007B34DD /* HikeUITests.swift in Sources */ = {isa = PBXBuildFile; fileRef = 566B6DFE2AF20828007B34DD /* HikeUITests.swift */; };
		566B6E012AF20828007B34DD /* HikeUITestsLaunchTests.swift in Sources */ = {isa = PBXBuildFile; fileRef = 566B6E002AF20828007B34DD /* HikeUITestsLaunchTests.swift */; };
		566B6E0E2AF307E1007B34DD /* CardView.swift in Sources */ = {isa = PBXBuildFile; fileRef = 566B6E0D2AF307E1007B34DD /* CardView.swift */; };
		566B6E112AF30803007B34DD /* CustomBackgroundView.swift in Sources */ = {isa = PBXBuildFile; fileRef = 566B6E102AF30803007B34DD /* CustomBackgroundView.swift */; };
		566B6E142AF30C01007B34DD /* ColorExtension.swift in Sources */ = {isa = PBXBuildFile; fileRef = 566B6E132AF30C01007B34DD /* ColorExtension.swift */; };
		566B6E162AF31394007B34DD /* CustomButtonView.swift in Sources */ = {isa = PBXBuildFile; fileRef = 566B6E152AF31394007B34DD /* CustomButtonView.swift */; };
		566B6E182AF31F52007B34DD /* GradientButtonStyle.swift in Sources */ = {isa = PBXBuildFile; fileRef = 566B6E172AF31F52007B34DD /* GradientButtonStyle.swift */; };
		566B6E1A2AF3311D007B34DD /* CustomCircleView.swift in Sources */ = {isa = PBXBuildFile; fileRef = 566B6E192AF3311D007B34DD /* CustomCircleView.swift */; };
		566B6E1C2AF340F6007B34DD /* MotionAnimationView.swift in Sources */ = {isa = PBXBuildFile; fileRef = 566B6E1B2AF340F6007B34DD /* MotionAnimationView.swift */; };
		566B6E1F2AF351EF007B34DD /* SettingsView.swift in Sources */ = {isa = PBXBuildFile; fileRef = 566B6E1E2AF351EF007B34DD /* SettingsView.swift */; };
/* End PBXBuildFile section */

/* Begin PBXContainerItemProxy section */
		566B6DF12AF20828007B34DD /* PBXContainerItemProxy */ = {
			isa = PBXContainerItemProxy;
			containerPortal = 566B6DD82AF20827007B34DD /* Project object */;
			proxyType = 1;
			remoteGlobalIDString = 566B6DDF2AF20827007B34DD;
			remoteInfo = Hike;
		};
		566B6DFB2AF20828007B34DD /* PBXContainerItemProxy */ = {
			isa = PBXContainerItemProxy;
			containerPortal = 566B6DD82AF20827007B34DD /* Project object */;
			proxyType = 1;
			remoteGlobalIDString = 566B6DDF2AF20827007B34DD;
			remoteInfo = Hike;
		};
/* End PBXContainerItemProxy section */

/* Begin PBXFileReference section */
		566B6DE02AF20827007B34DD /* Hike.app */ = {isa = PBXFileReference; explicitFileType = wrapper.application; includeInIndex = 0; path = Hike.app; sourceTree = BUILT_PRODUCTS_DIR; };
		566B6DE32AF20827007B34DD /* HikeApp.swift */ = {isa = PBXFileReference; lastKnownFileType = sourcecode.swift; path = HikeApp.swift; sourceTree = "<group>"; };
		566B6DE52AF20827007B34DD /* ContentView.swift */ = {isa = PBXFileReference; lastKnownFileType = sourcecode.swift; path = ContentView.swift; sourceTree = "<group>"; };
		566B6DE72AF20828007B34DD /* Assets.xcassets */ = {isa = PBXFileReference; lastKnownFileType = folder.assetcatalog; path = Assets.xcassets; sourceTree = "<group>"; };
		566B6DEA2AF20828007B34DD /* Preview Assets.xcassets */ = {isa = PBXFileReference; lastKnownFileType = folder.assetcatalog; path = "Preview Assets.xcassets"; sourceTree = "<group>"; };
		566B6DF02AF20828007B34DD /* HikeTests.xctest */ = {isa = PBXFileReference; explicitFileType = wrapper.cfbundle; includeInIndex = 0; path = HikeTests.xctest; sourceTree = BUILT_PRODUCTS_DIR; };
		566B6DF42AF20828007B34DD /* HikeTests.swift */ = {isa = PBXFileReference; lastKnownFileType = sourcecode.swift; path = HikeTests.swift; sourceTree = "<group>"; };
		566B6DFA2AF20828007B34DD /* HikeUITests.xctest */ = {isa = PBXFileReference; explicitFileType = wrapper.cfbundle; includeInIndex = 0; path = HikeUITests.xctest; sourceTree = BUILT_PRODUCTS_DIR; };
		566B6DFE2AF20828007B34DD /* HikeUITests.swift */ = {isa = PBXFileReference; lastKnownFileType = sourcecode.swift; path = HikeUITests.swift; sourceTree = "<group>"; };
		566B6E002AF20828007B34DD /* HikeUITestsLaunchTests.swift */ = {isa = PBXFileReference; lastKnownFileType = sourcecode.swift; path = HikeUITestsLaunchTests.swift; sourceTree = "<group>"; };
		566B6E0D2AF307E1007B34DD /* CardView.swift */ = {isa = PBXFileReference; lastKnownFileType = sourcecode.swift; path = CardView.swift; sourceTree = "<group>"; };
		566B6E102AF30803007B34DD /* CustomBackgroundView.swift */ = {isa = PBXFileReference; lastKnownFileType = sourcecode.swift; path = CustomBackgroundView.swift; sourceTree = "<group>"; };
		566B6E132AF30C01007B34DD /* ColorExtension.swift */ = {isa = PBXFileReference; lastKnownFileType = sourcecode.swift; path = ColorExtension.swift; sourceTree = "<group>"; };
		566B6E152AF31394007B34DD /* CustomButtonView.swift */ = {isa = PBXFileReference; lastKnownFileType = sourcecode.swift; path = CustomButtonView.swift; sourceTree = "<group>"; };
		566B6E172AF31F52007B34DD /* GradientButtonStyle.swift */ = {isa = PBXFileReference; lastKnownFileType = sourcecode.swift; path = GradientButtonStyle.swift; sourceTree = "<group>"; };
		566B6E192AF3311D007B34DD /* CustomCircleView.swift */ = {isa = PBXFileReference; lastKnownFileType = sourcecode.swift; path = CustomCircleView.swift; sourceTree = "<group>"; };
		566B6E1B2AF340F6007B34DD /* MotionAnimationView.swift */ = {isa = PBXFileReference; lastKnownFileType = sourcecode.swift; path = MotionAnimationView.swift; sourceTree = "<group>"; };
		566B6E1E2AF351EF007B34DD /* SettingsView.swift */ = {isa = PBXFileReference; lastKnownFileType = sourcecode.swift; path = SettingsView.swift; sourceTree = "<group>"; };
/* End PBXFileReference section */

/* Begin PBXFrameworksBuildPhase section */
		566B6DDD2AF20827007B34DD /* Frameworks */ = {
			isa = PBXFrameworksBuildPhase;
			buildActionMask = 2147483647;
			files = (
			);
			runOnlyForDeploymentPostprocessing = 0;
		};
		566B6DED2AF20828007B34DD /* Frameworks */ = {
			isa = PBXFrameworksBuildPhase;
			buildActionMask = 2147483647;
			files = (
			);
			runOnlyForDeploymentPostprocessing = 0;
		};
		566B6DF72AF20828007B34DD /* Frameworks */ = {
			isa = PBXFrameworksBuildPhase;
			buildActionMask = 2147483647;
			files = (
			);
			runOnlyForDeploymentPostprocessing = 0;
		};
/* End PBXFrameworksBuildPhase section */

/* Begin PBXGroup section */
		566B6DD72AF20827007B34DD = {
			isa = PBXGroup;
			children = (
				566B6DE22AF20827007B34DD /* Hike */,
				566B6DF32AF20828007B34DD /* HikeTests */,
				566B6DFD2AF20828007B34DD /* HikeUITests */,
				566B6DE12AF20827007B34DD /* Products */,
			);
			sourceTree = "<group>";
		};
		566B6DE12AF20827007B34DD /* Products */ = {
			isa = PBXGroup;
			children = (
				566B6DE02AF20827007B34DD /* Hike.app */,
				566B6DF02AF20828007B34DD /* HikeTests.xctest */,
				566B6DFA2AF20828007B34DD /* HikeUITests.xctest */,
			);
			name = Products;
			sourceTree = "<group>";
		};
		566B6DE22AF20827007B34DD /* Hike */ = {
			isa = PBXGroup;
			children = (
				566B6E122AF30BE7007B34DD /* Utility */,
				566B6DE32AF20827007B34DD /* HikeApp.swift */,
				566B6E1D2AF351D3007B34DD /* Screen */,
				566B6DE72AF20828007B34DD /* Assets.xcassets */,
				566B6DE92AF20828007B34DD /* Preview Content */,
				566B6E0F2AF307E6007B34DD /* Component */,
			);
			path = Hike;
			sourceTree = "<group>";
		};
		566B6DE92AF20828007B34DD /* Preview Content */ = {
			isa = PBXGroup;
			children = (
				566B6DEA2AF20828007B34DD /* Preview Assets.xcassets */,
			);
			path = "Preview Content";
			sourceTree = "<group>";
		};
		566B6DF32AF20828007B34DD /* HikeTests */ = {
			isa = PBXGroup;
			children = (
				566B6DF42AF20828007B34DD /* HikeTests.swift */,
			);
			path = HikeTests;
			sourceTree = "<group>";
		};
		566B6DFD2AF20828007B34DD /* HikeUITests */ = {
			isa = PBXGroup;
			children = (
				566B6DFE2AF20828007B34DD /* HikeUITests.swift */,
				566B6E002AF20828007B34DD /* HikeUITestsLaunchTests.swift */,
			);
			path = HikeUITests;
			sourceTree = "<group>";
		};
		566B6E0F2AF307E6007B34DD /* Component */ = {
			isa = PBXGroup;
			children = (
				566B6E0D2AF307E1007B34DD /* CardView.swift */,
				566B6E102AF30803007B34DD /* CustomBackgroundView.swift */,
				566B6E152AF31394007B34DD /* CustomButtonView.swift */,
				566B6E192AF3311D007B34DD /* CustomCircleView.swift */,
				566B6E1B2AF340F6007B34DD /* MotionAnimationView.swift */,
			);
			path = Component;
			sourceTree = "<group>";
		};
		566B6E122AF30BE7007B34DD /* Utility */ = {
			isa = PBXGroup;
			children = (
				566B6E132AF30C01007B34DD /* ColorExtension.swift */,
				566B6E172AF31F52007B34DD /* GradientButtonStyle.swift */,
			);
			path = Utility;
			sourceTree = "<group>";
		};
		566B6E1D2AF351D3007B34DD /* Screen */ = {
			isa = PBXGroup;
			children = (
				566B6DE52AF20827007B34DD /* ContentView.swift */,
				566B6E1E2AF351EF007B34DD /* SettingsView.swift */,
			);
			path = Screen;
			sourceTree = "<group>";
		};
/* End PBXGroup section */

/* Begin PBXNativeTarget section */
		566B6DDF2AF20827007B34DD /* Hike */ = {
			isa = PBXNativeTarget;
			buildConfigurationList = 566B6E042AF20828007B34DD /* Build configuration list for PBXNativeTarget "Hike" */;
			buildPhases = (
				566B6DDC2AF20827007B34DD /* Sources */,
				566B6DDD2AF20827007B34DD /* Frameworks */,
				566B6DDE2AF20827007B34DD /* Resources */,
			);
			buildRules = (
			);
			dependencies = (
			);
			name = Hike;
			productName = Hike;
			productReference = 566B6DE02AF20827007B34DD /* Hike.app */;
			productType = "com.apple.product-type.application";
		};
		566B6DEF2AF20828007B34DD /* HikeTests */ = {
			isa = PBXNativeTarget;
			buildConfigurationList = 566B6E072AF20828007B34DD /* Build configuration list for PBXNativeTarget "HikeTests" */;
			buildPhases = (
				566B6DEC2AF20828007B34DD /* Sources */,
				566B6DED2AF20828007B34DD /* Frameworks */,
				566B6DEE2AF20828007B34DD /* Resources */,
			);
			buildRules = (
			);
			dependencies = (
				566B6DF22AF20828007B34DD /* PBXTargetDependency */,
			);
			name = HikeTests;
			productName = HikeTests;
			productReference = 566B6DF02AF20828007B34DD /* HikeTests.xctest */;
			productType = "com.apple.product-type.bundle.unit-test";
		};
		566B6DF92AF20828007B34DD /* HikeUITests */ = {
			isa = PBXNativeTarget;
			buildConfigurationList = 566B6E0A2AF20828007B34DD /* Build configuration list for PBXNativeTarget "HikeUITests" */;
			buildPhases = (
				566B6DF62AF20828007B34DD /* Sources */,
				566B6DF72AF20828007B34DD /* Frameworks */,
				566B6DF82AF20828007B34DD /* Resources */,
			);
			buildRules = (
			);
			dependencies = (
				566B6DFC2AF20828007B34DD /* PBXTargetDependency */,
			);
			name = HikeUITests;
			productName = HikeUITests;
			productReference = 566B6DFA2AF20828007B34DD /* HikeUITests.xctest */;
			productType = "com.apple.product-type.bundle.ui-testing";
		};
/* End PBXNativeTarget section */

/* Begin PBXProject section */
		566B6DD82AF20827007B34DD /* Project object */ = {
			isa = PBXProject;
			attributes = {
				BuildIndependentTargetsInParallel = 1;
				LastSwiftUpdateCheck = 1500;
				LastUpgradeCheck = 1500;
				TargetAttributes = {
					566B6DDF2AF20827007B34DD = {
						CreatedOnToolsVersion = 15.0;
					};
					566B6DEF2AF20828007B34DD = {
						CreatedOnToolsVersion = 15.0;
						TestTargetID = 566B6DDF2AF20827007B34DD;
					};
					566B6DF92AF20828007B34DD = {
						CreatedOnToolsVersion = 15.0;
						TestTargetID = 566B6DDF2AF20827007B34DD;
					};
				};
			};
			buildConfigurationList = 566B6DDB2AF20827007B34DD /* Build configuration list for PBXProject "Hike" */;
			compatibilityVersion = "Xcode 14.0";
			developmentRegion = en;
			hasScannedForEncodings = 0;
			knownRegions = (
				en,
				Base,
			);
			mainGroup = 566B6DD72AF20827007B34DD;
			productRefGroup = 566B6DE12AF20827007B34DD /* Products */;
			projectDirPath = "";
			projectRoot = "";
			targets = (
				566B6DDF2AF20827007B34DD /* Hike */,
				566B6DEF2AF20828007B34DD /* HikeTests */,
				566B6DF92AF20828007B34DD /* HikeUITests */,
			);
		};
/* End PBXProject section */

/* Begin PBXResourcesBuildPhase section */
		566B6DDE2AF20827007B34DD /* Resources */ = {
			isa = PBXResourcesBuildPhase;
			buildActionMask = 2147483647;
			files = (
				566B6DEB2AF20828007B34DD /* Preview Assets.xcassets in Resources */,
				566B6DE82AF20828007B34DD /* Assets.xcassets in Resources */,
			);
			runOnlyForDeploymentPostprocessing = 0;
		};
		566B6DEE2AF20828007B34DD /* Resources */ = {
			isa = PBXResourcesBuildPhase;
			buildActionMask = 2147483647;
			files = (
			);
			runOnlyForDeploymentPostprocessing = 0;
		};
		566B6DF82AF20828007B34DD /* Resources */ = {
			isa = PBXResourcesBuildPhase;
			buildActionMask = 2147483647;
			files = (
			);
			runOnlyForDeploymentPostprocessing = 0;
		};
/* End PBXResourcesBuildPhase section */

/* Begin PBXSourcesBuildPhase section */
		566B6DDC2AF20827007B34DD /* Sources */ = {
			isa = PBXSourcesBuildPhase;
			buildActionMask = 2147483647;
			files = (
				566B6DE62AF20827007B34DD /* ContentView.swift in Sources */,
				566B6E1A2AF3311D007B34DD /* CustomCircleView.swift in Sources */,
				566B6E0E2AF307E1007B34DD /* CardView.swift in Sources */,
				566B6DE42AF20827007B34DD /* HikeApp.swift in Sources */,
				566B6E162AF31394007B34DD /* CustomButtonView.swift in Sources */,
				566B6E1F2AF351EF007B34DD /* SettingsView.swift in Sources */,
				566B6E182AF31F52007B34DD /* GradientButtonStyle.swift in Sources */,
				566B6E1C2AF340F6007B34DD /* MotionAnimationView.swift in Sources */,
				566B6E112AF30803007B34DD /* CustomBackgroundView.swift in Sources */,
				566B6E142AF30C01007B34DD /* ColorExtension.swift in Sources */,
			);
			runOnlyForDeploymentPostprocessing = 0;
		};
		566B6DEC2AF20828007B34DD /* Sources */ = {
			isa = PBXSourcesBuildPhase;
			buildActionMask = 2147483647;
			files = (
				566B6DF52AF20828007B34DD /* HikeTests.swift in Sources */,
			);
			runOnlyForDeploymentPostprocessing = 0;
		};
		566B6DF62AF20828007B34DD /* Sources */ = {
			isa = PBXSourcesBuildPhase;
			buildActionMask = 2147483647;
			files = (
				566B6DFF2AF20828007B34DD /* HikeUITests.swift in Sources */,
				566B6E012AF20828007B34DD /* HikeUITestsLaunchTests.swift in Sources */,
			);
			runOnlyForDeploymentPostprocessing = 0;
		};
/* End PBXSourcesBuildPhase section */

/* Begin PBXTargetDependency section */
		566B6DF22AF20828007B34DD /* PBXTargetDependency */ = {
			isa = PBXTargetDependency;
			target = 566B6DDF2AF20827007B34DD /* Hike */;
			targetProxy = 566B6DF12AF20828007B34DD /* PBXContainerItemProxy */;
		};
		566B6DFC2AF20828007B34DD /* PBXTargetDependency */ = {
			isa = PBXTargetDependency;
			target = 566B6DDF2AF20827007B34DD /* Hike */;
			targetProxy = 566B6DFB2AF20828007B34DD /* PBXContainerItemProxy */;
		};
/* End PBXTargetDependency section */

/* Begin XCBuildConfiguration section */
		566B6E022AF20828007B34DD /* Debug */ = {
			isa = XCBuildConfiguration;
			buildSettings = {
				ALWAYS_SEARCH_USER_PATHS = NO;
				ASSETCATALOG_COMPILER_GENERATE_SWIFT_ASSET_SYMBOL_EXTENSIONS = YES;
				CLANG_ANALYZER_NONNULL = YES;
				CLANG_ANALYZER_NUMBER_OBJECT_CONVERSION = YES_AGGRESSIVE;
				CLANG_CXX_LANGUAGE_STANDARD = "gnu++20";
				CLANG_ENABLE_MODULES = YES;
				CLANG_ENABLE_OBJC_ARC = YES;
				CLANG_ENABLE_OBJC_WEAK = YES;
				CLANG_WARN_BLOCK_CAPTURE_AUTORELEASING = YES;
				CLANG_WARN_BOOL_CONVERSION = YES;
				CLANG_WARN_COMMA = YES;
				CLANG_WARN_CONSTANT_CONVERSION = YES;
				CLANG_WARN_DEPRECATED_OBJC_IMPLEMENTATIONS = YES;
				CLANG_WARN_DIRECT_OBJC_ISA_USAGE = YES_ERROR;
				CLANG_WARN_DOCUMENTATION_COMMENTS = YES;
				CLANG_WARN_EMPTY_BODY = YES;
				CLANG_WARN_ENUM_CONVERSION = YES;
				CLANG_WARN_INFINITE_RECURSION = YES;
				CLANG_WARN_INT_CONVERSION = YES;
				CLANG_WARN_NON_LITERAL_NULL_CONVERSION = YES;
				CLANG_WARN_OBJC_IMPLICIT_RETAIN_SELF = YES;
				CLANG_WARN_OBJC_LITERAL_CONVERSION = YES;
				CLANG_WARN_OBJC_ROOT_CLASS = YES_ERROR;
				CLANG_WARN_QUOTED_INCLUDE_IN_FRAMEWORK_HEADER = YES;
				CLANG_WARN_RANGE_LOOP_ANALYSIS = YES;
				CLANG_WARN_STRICT_PROTOTYPES = YES;
				CLANG_WARN_SUSPICIOUS_MOVE = YES;
				CLANG_WARN_UNGUARDED_AVAILABILITY = YES_AGGRESSIVE;
				CLANG_WARN_UNREACHABLE_CODE = YES;
				CLANG_WARN__DUPLICATE_METHOD_MATCH = YES;
				COPY_PHASE_STRIP = NO;
				DEBUG_INFORMATION_FORMAT = dwarf;
				ENABLE_STRICT_OBJC_MSGSEND = YES;
				ENABLE_TESTABILITY = YES;
				ENABLE_USER_SCRIPT_SANDBOXING = YES;
				GCC_C_LANGUAGE_STANDARD = gnu17;
				GCC_DYNAMIC_NO_PIC = NO;
				GCC_NO_COMMON_BLOCKS = YES;
				GCC_OPTIMIZATION_LEVEL = 0;
				GCC_PREPROCESSOR_DEFINITIONS = (
					"DEBUG=1",
					"$(inherited)",
				);
				GCC_WARN_64_TO_32_BIT_CONVERSION = YES;
				GCC_WARN_ABOUT_RETURN_TYPE = YES_ERROR;
				GCC_WARN_UNDECLARED_SELECTOR = YES;
				GCC_WARN_UNINITIALIZED_AUTOS = YES_AGGRESSIVE;
				GCC_WARN_UNUSED_FUNCTION = YES;
				GCC_WARN_UNUSED_VARIABLE = YES;
				IPHONEOS_DEPLOYMENT_TARGET = 17.0;
				LOCALIZATION_PREFERS_STRING_CATALOGS = YES;
				MTL_ENABLE_DEBUG_INFO = INCLUDE_SOURCE;
				MTL_FAST_MATH = YES;
				ONLY_ACTIVE_ARCH = YES;
				SDKROOT = iphoneos;
				SWIFT_ACTIVE_COMPILATION_CONDITIONS = "DEBUG $(inherited)";
				SWIFT_OPTIMIZATION_LEVEL = "-Onone";
			};
			name = Debug;
		};
		566B6E032AF20828007B34DD /* Release */ = {
			isa = XCBuildConfiguration;
			buildSettings = {
				ALWAYS_SEARCH_USER_PATHS = NO;
				ASSETCATALOG_COMPILER_GENERATE_SWIFT_ASSET_SYMBOL_EXTENSIONS = YES;
				CLANG_ANALYZER_NONNULL = YES;
				CLANG_ANALYZER_NUMBER_OBJECT_CONVERSION = YES_AGGRESSIVE;
				CLANG_CXX_LANGUAGE_STANDARD = "gnu++20";
				CLANG_ENABLE_MODULES = YES;
				CLANG_ENABLE_OBJC_ARC = YES;
				CLANG_ENABLE_OBJC_WEAK = YES;
				CLANG_WARN_BLOCK_CAPTURE_AUTORELEASING = YES;
				CLANG_WARN_BOOL_CONVERSION = YES;
				CLANG_WARN_COMMA = YES;
				CLANG_WARN_CONSTANT_CONVERSION = YES;
				CLANG_WARN_DEPRECATED_OBJC_IMPLEMENTATIONS = YES;
				CLANG_WARN_DIRECT_OBJC_ISA_USAGE = YES_ERROR;
				CLANG_WARN_DOCUMENTATION_COMMENTS = YES;
				CLANG_WARN_EMPTY_BODY = YES;
				CLANG_WARN_ENUM_CONVERSION = YES;
				CLANG_WARN_INFINITE_RECURSION = YES;
				CLANG_WARN_INT_CONVERSION = YES;
				CLANG_WARN_NON_LITERAL_NULL_CONVERSION = YES;
				CLANG_WARN_OBJC_IMPLICIT_RETAIN_SELF = YES;
				CLANG_WARN_OBJC_LITERAL_CONVERSION = YES;
				CLANG_WARN_OBJC_ROOT_CLASS = YES_ERROR;
				CLANG_WARN_QUOTED_INCLUDE_IN_FRAMEWORK_HEADER = YES;
				CLANG_WARN_RANGE_LOOP_ANALYSIS = YES;
				CLANG_WARN_STRICT_PROTOTYPES = YES;
				CLANG_WARN_SUSPICIOUS_MOVE = YES;
				CLANG_WARN_UNGUARDED_AVAILABILITY = YES_AGGRESSIVE;
				CLANG_WARN_UNREACHABLE_CODE = YES;
				CLANG_WARN__DUPLICATE_METHOD_MATCH = YES;
				COPY_PHASE_STRIP = NO;
				DEBUG_INFORMATION_FORMAT = "dwarf-with-dsym";
				ENABLE_NS_ASSERTIONS = NO;
				ENABLE_STRICT_OBJC_MSGSEND = YES;
				ENABLE_USER_SCRIPT_SANDBOXING = YES;
				GCC_C_LANGUAGE_STANDARD = gnu17;
				GCC_NO_COMMON_BLOCKS = YES;
				GCC_WARN_64_TO_32_BIT_CONVERSION = YES;
				GCC_WARN_ABOUT_RETURN_TYPE = YES_ERROR;
				GCC_WARN_UNDECLARED_SELECTOR = YES;
				GCC_WARN_UNINITIALIZED_AUTOS = YES_AGGRESSIVE;
				GCC_WARN_UNUSED_FUNCTION = YES;
				GCC_WARN_UNUSED_VARIABLE = YES;
				IPHONEOS_DEPLOYMENT_TARGET = 17.0;
				LOCALIZATION_PREFERS_STRING_CATALOGS = YES;
				MTL_ENABLE_DEBUG_INFO = NO;
				MTL_FAST_MATH = YES;
				SDKROOT = iphoneos;
				SWIFT_COMPILATION_MODE = wholemodule;
				VALIDATE_PRODUCT = YES;
			};
			name = Release;
		};
		566B6E052AF20828007B34DD /* Debug */ = {
			isa = XCBuildConfiguration;
			buildSettings = {
				ASSETCATALOG_COMPILER_APPICON_NAME = AppIcon;
				ASSETCATALOG_COMPILER_GLOBAL_ACCENT_COLOR_NAME = AccentColor;
				CODE_SIGN_STYLE = Automatic;
				CURRENT_PROJECT_VERSION = 1;
				DEVELOPMENT_ASSET_PATHS = "\"Hike/Preview Content\"";
				DEVELOPMENT_TEAM = 54DYFZH8JZ;
				ENABLE_PREVIEWS = YES;
				GENERATE_INFOPLIST_FILE = YES;
				INFOPLIST_KEY_UIApplicationSceneManifest_Generation = YES;
				INFOPLIST_KEY_UIApplicationSupportsIndirectInputEvents = YES;
				INFOPLIST_KEY_UILaunchScreen_Generation = YES;
				INFOPLIST_KEY_UISupportedInterfaceOrientations_iPad = "UIInterfaceOrientationPortrait UIInterfaceOrientationPortraitUpsideDown UIInterfaceOrientationLandscapeLeft UIInterfaceOrientationLandscapeRight";
				INFOPLIST_KEY_UISupportedInterfaceOrientations_iPhone = "UIInterfaceOrientationPortrait UIInterfaceOrientationLandscapeLeft UIInterfaceOrientationLandscapeRight";
				LD_RUNPATH_SEARCH_PATHS = (
					"$(inherited)",
					"@executable_path/Frameworks",
				);
				MARKETING_VERSION = 1.0;
				PRODUCT_BUNDLE_IDENTIFIER = com.ico.Hike;
				PRODUCT_NAME = "$(TARGET_NAME)";
				SWIFT_EMIT_LOC_STRINGS = YES;
				SWIFT_VERSION = 5.0;
				TARGETED_DEVICE_FAMILY = "1,2";
			};
			name = Debug;
		};
		566B6E062AF20828007B34DD /* Release */ = {
			isa = XCBuildConfiguration;
			buildSettings = {
				ASSETCATALOG_COMPILER_APPICON_NAME = AppIcon;
				ASSETCATALOG_COMPILER_GLOBAL_ACCENT_COLOR_NAME = AccentColor;
				CODE_SIGN_STYLE = Automatic;
				CURRENT_PROJECT_VERSION = 1;
				DEVELOPMENT_ASSET_PATHS = "\"Hike/Preview Content\"";
				DEVELOPMENT_TEAM = 54DYFZH8JZ;
				ENABLE_PREVIEWS = YES;
				GENERATE_INFOPLIST_FILE = YES;
				INFOPLIST_KEY_UIApplicationSceneManifest_Generation = YES;
				INFOPLIST_KEY_UIApplicationSupportsIndirectInputEvents = YES;
				INFOPLIST_KEY_UILaunchScreen_Generation = YES;
				INFOPLIST_KEY_UISupportedInterfaceOrientations_iPad = "UIInterfaceOrientationPortrait UIInterfaceOrientationPortraitUpsideDown UIInterfaceOrientationLandscapeLeft UIInterfaceOrientationLandscapeRight";
				INFOPLIST_KEY_UISupportedInterfaceOrientations_iPhone = "UIInterfaceOrientationPortrait UIInterfaceOrientationLandscapeLeft UIInterfaceOrientationLandscapeRight";
				LD_RUNPATH_SEARCH_PATHS = (
					"$(inherited)",
					"@executable_path/Frameworks",
				);
				MARKETING_VERSION = 1.0;
				PRODUCT_BUNDLE_IDENTIFIER = com.ico.Hike;
				PRODUCT_NAME = "$(TARGET_NAME)";
				SWIFT_EMIT_LOC_STRINGS = YES;
				SWIFT_VERSION = 5.0;
				TARGETED_DEVICE_FAMILY = "1,2";
			};
			name = Release;
		};
		566B6E082AF20828007B34DD /* Debug */ = {
			isa = XCBuildConfiguration;
			buildSettings = {
				ALWAYS_EMBED_SWIFT_STANDARD_LIBRARIES = YES;
				BUNDLE_LOADER = "$(TEST_HOST)";
				CODE_SIGN_STYLE = Automatic;
				CURRENT_PROJECT_VERSION = 1;
				DEVELOPMENT_TEAM = 54DYFZH8JZ;
				GENERATE_INFOPLIST_FILE = YES;
				IPHONEOS_DEPLOYMENT_TARGET = 17.0;
				MARKETING_VERSION = 1.0;
				PRODUCT_BUNDLE_IDENTIFIER = com.ico.HikeTests;
				PRODUCT_NAME = "$(TARGET_NAME)";
				SWIFT_EMIT_LOC_STRINGS = NO;
				SWIFT_VERSION = 5.0;
				TARGETED_DEVICE_FAMILY = "1,2";
				TEST_HOST = "$(BUILT_PRODUCTS_DIR)/Hike.app/$(BUNDLE_EXECUTABLE_FOLDER_PATH)/Hike";
			};
			name = Debug;
		};
		566B6E092AF20828007B34DD /* Release */ = {
			isa = XCBuildConfiguration;
			buildSettings = {
				ALWAYS_EMBED_SWIFT_STANDARD_LIBRARIES = YES;
				BUNDLE_LOADER = "$(TEST_HOST)";
				CODE_SIGN_STYLE = Automatic;
				CURRENT_PROJECT_VERSION = 1;
				DEVELOPMENT_TEAM = 54DYFZH8JZ;
				GENERATE_INFOPLIST_FILE = YES;
				IPHONEOS_DEPLOYMENT_TARGET = 17.0;
				MARKETING_VERSION = 1.0;
				PRODUCT_BUNDLE_IDENTIFIER = com.ico.HikeTests;
				PRODUCT_NAME = "$(TARGET_NAME)";
				SWIFT_EMIT_LOC_STRINGS = NO;
				SWIFT_VERSION = 5.0;
				TARGETED_DEVICE_FAMILY = "1,2";
				TEST_HOST = "$(BUILT_PRODUCTS_DIR)/Hike.app/$(BUNDLE_EXECUTABLE_FOLDER_PATH)/Hike";
			};
			name = Release;
		};
		566B6E0B2AF20828007B34DD /* Debug */ = {
			isa = XCBuildConfiguration;
			buildSettings = {
				ALWAYS_EMBED_SWIFT_STANDARD_LIBRARIES = YES;
				CODE_SIGN_STYLE = Automatic;
				CURRENT_PROJECT_VERSION = 1;
				DEVELOPMENT_TEAM = 54DYFZH8JZ;
				GENERATE_INFOPLIST_FILE = YES;
				MARKETING_VERSION = 1.0;
				PRODUCT_BUNDLE_IDENTIFIER = com.ico.HikeUITests;
				PRODUCT_NAME = "$(TARGET_NAME)";
				SWIFT_EMIT_LOC_STRINGS = NO;
				SWIFT_VERSION = 5.0;
				TARGETED_DEVICE_FAMILY = "1,2";
				TEST_TARGET_NAME = Hike;
			};
			name = Debug;
		};
		566B6E0C2AF20828007B34DD /* Release */ = {
			isa = XCBuildConfiguration;
			buildSettings = {
				ALWAYS_EMBED_SWIFT_STANDARD_LIBRARIES = YES;
				CODE_SIGN_STYLE = Automatic;
				CURRENT_PROJECT_VERSION = 1;
				DEVELOPMENT_TEAM = 54DYFZH8JZ;
				GENERATE_INFOPLIST_FILE = YES;
				MARKETING_VERSION = 1.0;
				PRODUCT_BUNDLE_IDENTIFIER = com.ico.HikeUITests;
				PRODUCT_NAME = "$(TARGET_NAME)";
				SWIFT_EMIT_LOC_STRINGS = NO;
				SWIFT_VERSION = 5.0;
				TARGETED_DEVICE_FAMILY = "1,2";
				TEST_TARGET_NAME = Hike;
			};
			name = Release;
		};
/* End XCBuildConfiguration section */

/* Begin XCConfigurationList section */
		566B6DDB2AF20827007B34DD /* Build configuration list for PBXProject "Hike" */ = {
			isa = XCConfigurationList;
			buildConfigurations = (
				566B6E022AF20828007B34DD /* Debug */,
				566B6E032AF20828007B34DD /* Release */,
			);
			defaultConfigurationIsVisible = 0;
			defaultConfigurationName = Release;
		};
		566B6E042AF20828007B34DD /* Build configuration list for PBXNativeTarget "Hike" */ = {
			isa = XCConfigurationList;
			buildConfigurations = (
				566B6E052AF20828007B34DD /* Debug */,
				566B6E062AF20828007B34DD /* Release */,
			);
			defaultConfigurationIsVisible = 0;
			defaultConfigurationName = Release;
		};
		566B6E072AF20828007B34DD /* Build configuration list for PBXNativeTarget "HikeTests" */ = {
			isa = XCConfigurationList;
			buildConfigurations = (
				566B6E082AF20828007B34DD /* Debug */,
				566B6E092AF20828007B34DD /* Release */,
			);
			defaultConfigurationIsVisible = 0;
			defaultConfigurationName = Release;
		};
		566B6E0A2AF20828007B34DD /* Build configuration list for PBXNativeTarget "HikeUITests" */ = {
			isa = XCConfigurationList;
			buildConfigurations = (
				566B6E0B2AF20828007B34DD /* Debug */,
				566B6E0C2AF20828007B34DD /* Release */,
			);
			defaultConfigurationIsVisible = 0;
			defaultConfigurationName = Release;
		};
/* End XCConfigurationList section */
	};
	rootObject = 566B6DD82AF20827007B34DD /* Project object */;
}
